PODS:
  - FBAudienceNetwork (4.27.2)

DEPENDENCIES:
  - FBAudienceNetwork (= 4.27.2)

SPEC REPOS:
  https://github.com/CocoaPods/Specs.git:
    - FBAudienceNetwork

SPEC CHECKSUMS:
  FBAudienceNetwork: 84fc420e262ae16b30586861fa11dd9c779336a8

PODFILE CHECKSUM: 3d630ca9de13a30be675f3a46368531f6b95749f

COCOAPODS: 1.5.0
