// !$*UTF8*$!
{
	archiveVersion = 1;
	classes = {
	};
	objectVersion = 48;
	objects = {

/* Begin PBXBuildFile section */
		199F841220927A0100A8C423 /* SwiftStaticFrameworkWithFAN2.framework in Frameworks */ = {isa = PBXBuildFile; fileRef = 199F840820927A0100A8C423 /* SwiftStaticFrameworkWithFAN2.framework */; };
		199F841720927A0100A8C423 /* SwiftStaticFrameworkWithFAN2Tests.swift in Sources */ = {isa = PBXBuildFile; fileRef = 199F841620927A0100A8C423 /* SwiftStaticFrameworkWithFAN2Tests.swift */; };
		199F841920927A0100A8C423 /* SwiftStaticFrameworkWithFAN2.h in Headers */ = {isa = PBXBuildFile; fileRef = 199F840B20927A0100A8C423 /* SwiftStaticFrameworkWithFAN2.h */; settings = {ATTRIBUTES = (Public, ); }; };
		199F843120927A6300A8C423 /* FWFAN2SwiftFile.swift in Sources */ = {isa = PBXBuildFile; fileRef = 199F843020927A6300A8C423 /* FWFAN2SwiftFile.swift */; };
		199F843220927A6300A8C423 /* FWFAN2SwiftFile.swift in Sources */ = {isa = PBXBuildFile; fileRef = 199F843020927A6300A8C423 /* FWFAN2SwiftFile.swift */; };
		523C4AA64D98FF07724109B6 /* Pods_SwiftStaticLibWithFAN2.framework in Frameworks */ = {isa = PBXBuildFile; fileRef = 73428DBAB12DDCF078596A11 /* Pods_SwiftStaticLibWithFAN2.framework */; };
		527A67AFEE8204EDFA4232A7 /* Pods_SwiftStaticFrameworkWithFAN2Tests.framework in Frameworks */ = {isa = PBXBuildFile; fileRef = 1B65020AAF63EF908304143F /* Pods_SwiftStaticFrameworkWithFAN2Tests.framework */; };
		68270CDF67D1DC662941FE85 /* Pods_SwiftStaticFrameworkWithFAN2.framework in Frameworks */ = {isa = PBXBuildFile; fileRef = 45F4B6E670D3732F09BF470F /* Pods_SwiftStaticFrameworkWithFAN2.framework */; };
/* End PBXBuildFile section */

/* Begin PBXContainerItemProxy section */
		199F841320927A0100A8C423 /* PBXContainerItemProxy */ = {
			isa = PBXContainerItemProxy;
			containerPortal = 199F83FF20927A0100A8C423 /* Project object */;
			proxyType = 1;
			remoteGlobalIDString = 199F840720927A0100A8C423;
			remoteInfo = SwiftStaticFrameworkWithFAN2;
		};
/* End PBXContainerItemProxy section */

/* Begin PBXCopyFilesBuildPhase section */
		199F842420927A3B00A8C423 /* CopyFiles */ = {
			isa = PBXCopyFilesBuildPhase;
			buildActionMask = 2147483647;
			dstPath = "include/$(PRODUCT_NAME)";
			dstSubfolderSpec = 16;
			files = (
			);
			runOnlyForDeploymentPostprocessing = 0;
		};
/* End PBXCopyFilesBuildPhase section */

/* Begin PBXFileReference section */
		106C204979504351B7B0B985 /* Pods-SwiftStaticFrameworkWithFAN2.debug.xcconfig */ = {isa = PBXFileReference; includeInIndex = 1; lastKnownFileType = text.xcconfig; name = "Pods-SwiftStaticFrameworkWithFAN2.debug.xcconfig"; path = "Pods/Target Support Files/Pods-SwiftStaticFrameworkWithFAN2/Pods-SwiftStaticFrameworkWithFAN2.debug.xcconfig"; sourceTree = "<group>"; };
		13A4CF2DAC31173B7369924A /* Pods-SwiftStaticLibWithFAN2.debug.xcconfig */ = {isa = PBXFileReference; includeInIndex = 1; lastKnownFileType = text.xcconfig; name = "Pods-SwiftStaticLibWithFAN2.debug.xcconfig"; path = "Pods/Target Support Files/Pods-SwiftStaticLibWithFAN2/Pods-SwiftStaticLibWithFAN2.debug.xcconfig"; sourceTree = "<group>"; };
		199F840820927A0100A8C423 /* SwiftStaticFrameworkWithFAN2.framework */ = {isa = PBXFileReference; explicitFileType = wrapper.framework; includeInIndex = 0; path = SwiftStaticFrameworkWithFAN2.framework; sourceTree = BUILT_PRODUCTS_DIR; };
		199F840B20927A0100A8C423 /* SwiftStaticFrameworkWithFAN2.h */ = {isa = PBXFileReference; lastKnownFileType = sourcecode.c.h; path = SwiftStaticFrameworkWithFAN2.h; sourceTree = "<group>"; };
		199F840C20927A0100A8C423 /* Info.plist */ = {isa = PBXFileReference; lastKnownFileType = text.plist.xml; path = Info.plist; sourceTree = "<group>"; };
		199F841120927A0100A8C423 /* SwiftStaticFrameworkWithFAN2Tests.xctest */ = {isa = PBXFileReference; explicitFileType = wrapper.cfbundle; includeInIndex = 0; path = SwiftStaticFrameworkWithFAN2Tests.xctest; sourceTree = BUILT_PRODUCTS_DIR; };
		199F841620927A0100A8C423 /* SwiftStaticFrameworkWithFAN2Tests.swift */ = {isa = PBXFileReference; lastKnownFileType = sourcecode.swift; path = SwiftStaticFrameworkWithFAN2Tests.swift; sourceTree = "<group>"; };
		199F841820927A0100A8C423 /* Info.plist */ = {isa = PBXFileReference; lastKnownFileType = text.plist.xml; path = Info.plist; sourceTree = "<group>"; };
		199F842620927A3B00A8C423 /* libSwiftStaticLibWithFAN2.a */ = {isa = PBXFileReference; explicitFileType = archive.ar; includeInIndex = 0; path = libSwiftStaticLibWithFAN2.a; sourceTree = BUILT_PRODUCTS_DIR; };
		199F842F20927A6200A8C423 /* SwiftStaticLibWithFAN2-Bridging-Header.h */ = {isa = PBXFileReference; lastKnownFileType = sourcecode.c.h; path = "SwiftStaticLibWithFAN2-Bridging-Header.h"; sourceTree = "<group>"; };
		199F843020927A6300A8C423 /* FWFAN2SwiftFile.swift */ = {isa = PBXFileReference; fileEncoding = 4; lastKnownFileType = sourcecode.swift; path = FWFAN2SwiftFile.swift; sourceTree = "<group>"; };
		1B65020AAF63EF908304143F /* Pods_SwiftStaticFrameworkWithFAN2Tests.framework */ = {isa = PBXFileReference; explicitFileType = wrapper.framework; includeInIndex = 0; path = Pods_SwiftStaticFrameworkWithFAN2Tests.framework; sourceTree = BUILT_PRODUCTS_DIR; };
		28C09D5E16CCE6BF0780C88C /* Pods-SwiftStaticLibWithFAN2.release.xcconfig */ = {isa = PBXFileReference; includeInIndex = 1; lastKnownFileType = text.xcconfig; name = "Pods-SwiftStaticLibWithFAN2.release.xcconfig"; path = "Pods/Target Support Files/Pods-SwiftStaticLibWithFAN2/Pods-SwiftStaticLibWithFAN2.release.xcconfig"; sourceTree = "<group>"; };
		45F4B6E670D3732F09BF470F /* Pods_SwiftStaticFrameworkWithFAN2.framework */ = {isa = PBXFileReference; explicitFileType = wrapper.framework; includeInIndex = 0; path = Pods_SwiftStaticFrameworkWithFAN2.framework; sourceTree = BUILT_PRODUCTS_DIR; };
		73428DBAB12DDCF078596A11 /* Pods_SwiftStaticLibWithFAN2.framework */ = {isa = PBXFileReference; explicitFileType = wrapper.framework; includeInIndex = 0; path = Pods_SwiftStaticLibWithFAN2.framework; sourceTree = BUILT_PRODUCTS_DIR; };
		7AA409C213F6DFEA58795977 /* Pods-SwiftStaticFrameworkWithFAN2Tests.release.xcconfig */ = {isa = PBXFileReference; includeInIndex = 1; lastKnownFileType = text.xcconfig; name = "Pods-SwiftStaticFrameworkWithFAN2Tests.release.xcconfig"; path = "Pods/Target Support Files/Pods-SwiftStaticFrameworkWithFAN2Tests/Pods-SwiftStaticFrameworkWithFAN2Tests.release.xcconfig"; sourceTree = "<group>"; };
		D0839F2EE96A735CAA913F17 /* Pods-SwiftStaticFrameworkWithFAN2.release.xcconfig */ = {isa = PBXFileReference; includeInIndex = 1; lastKnownFileType = text.xcconfig; name = "Pods-SwiftStaticFrameworkWithFAN2.release.xcconfig"; path = "Pods/Target Support Files/Pods-SwiftStaticFrameworkWithFAN2/Pods-SwiftStaticFrameworkWithFAN2.release.xcconfig"; sourceTree = "<group>"; };
		DE168123E1208EAA2D0A1B3A /* Pods-SwiftStaticFrameworkWithFAN2Tests.debug.xcconfig */ = {isa = PBXFileReference; includeInIndex = 1; lastKnownFileType = text.xcconfig; name = "Pods-SwiftStaticFrameworkWithFAN2Tests.debug.xcconfig"; path = "Pods/Target Support Files/Pods-SwiftStaticFrameworkWithFAN2Tests/Pods-SwiftStaticFrameworkWithFAN2Tests.debug.xcconfig"; sourceTree = "<group>"; };
/* End PBXFileReference section */

/* Begin PBXFrameworksBuildPhase section */
		199F840420927A0100A8C423 /* Frameworks */ = {
			isa = PBXFrameworksBuildPhase;
			buildActionMask = 2147483647;
			files = (
				68270CDF67D1DC662941FE85 /* Pods_SwiftStaticFrameworkWithFAN2.framework in Frameworks */,
			);
			runOnlyForDeploymentPostprocessing = 0;
		};
		199F840E20927A0100A8C423 /* Frameworks */ = {
			isa = PBXFrameworksBuildPhase;
			buildActionMask = 2147483647;
			files = (
				199F841220927A0100A8C423 /* SwiftStaticFrameworkWithFAN2.framework in Frameworks */,
				527A67AFEE8204EDFA4232A7 /* Pods_SwiftStaticFrameworkWithFAN2Tests.framework in Frameworks */,
			);
			runOnlyForDeploymentPostprocessing = 0;
		};
		199F842320927A3B00A8C423 /* Frameworks */ = {
			isa = PBXFrameworksBuildPhase;
			buildActionMask = 2147483647;
			files = (
				523C4AA64D98FF07724109B6 /* Pods_SwiftStaticLibWithFAN2.framework in Frameworks */,
			);
			runOnlyForDeploymentPostprocessing = 0;
		};
/* End PBXFrameworksBuildPhase section */

/* Begin PBXGroup section */
		199F83FE20927A0100A8C423 = {
			isa = PBXGroup;
			children = (
				199F840A20927A0100A8C423 /* SwiftStaticFrameworkWithFAN2 */,
				199F841520927A0100A8C423 /* SwiftStaticFrameworkWithFAN2Tests */,
				199F840920927A0100A8C423 /* Products */,
				7B289A3A94577B4652D0BD86 /* Pods */,
				7BCC3FD21FAA7C599EE48251 /* Frameworks */,
			);
			sourceTree = "<group>";
		};
		199F840920927A0100A8C423 /* Products */ = {
			isa = PBXGroup;
			children = (
				199F840820927A0100A8C423 /* SwiftStaticFrameworkWithFAN2.framework */,
				199F841120927A0100A8C423 /* SwiftStaticFrameworkWithFAN2Tests.xctest */,
				199F842620927A3B00A8C423 /* libSwiftStaticLibWithFAN2.a */,
			);
			name = Products;
			sourceTree = "<group>";
		};
		199F840A20927A0100A8C423 /* SwiftStaticFrameworkWithFAN2 */ = {
			isa = PBXGroup;
			children = (
				199F843020927A6300A8C423 /* FWFAN2SwiftFile.swift */,
				199F840B20927A0100A8C423 /* SwiftStaticFrameworkWithFAN2.h */,
				199F840C20927A0100A8C423 /* Info.plist */,
				199F842F20927A6200A8C423 /* SwiftStaticLibWithFAN2-Bridging-Header.h */,
			);
			path = SwiftStaticFrameworkWithFAN2;
			sourceTree = "<group>";
		};
		199F841520927A0100A8C423 /* SwiftStaticFrameworkWithFAN2Tests */ = {
			isa = PBXGroup;
			children = (
				199F841620927A0100A8C423 /* SwiftStaticFrameworkWithFAN2Tests.swift */,
				199F841820927A0100A8C423 /* Info.plist */,
			);
			path = SwiftStaticFrameworkWithFAN2Tests;
			sourceTree = "<group>";
		};
		7B289A3A94577B4652D0BD86 /* Pods */ = {
			isa = PBXGroup;
			children = (
				106C204979504351B7B0B985 /* Pods-SwiftStaticFrameworkWithFAN2.debug.xcconfig */,
				D0839F2EE96A735CAA913F17 /* Pods-SwiftStaticFrameworkWithFAN2.release.xcconfig */,
				DE168123E1208EAA2D0A1B3A /* Pods-SwiftStaticFrameworkWithFAN2Tests.debug.xcconfig */,
				7AA409C213F6DFEA58795977 /* Pods-SwiftStaticFrameworkWithFAN2Tests.release.xcconfig */,
				13A4CF2DAC31173B7369924A /* Pods-SwiftStaticLibWithFAN2.debug.xcconfig */,
				28C09D5E16CCE6BF0780C88C /* Pods-SwiftStaticLibWithFAN2.release.xcconfig */,
			);
			name = Pods;
			sourceTree = "<group>";
		};
		7BCC3FD21FAA7C599EE48251 /* Frameworks */ = {
			isa = PBXGroup;
			children = (
				45F4B6E670D3732F09BF470F /* Pods_SwiftStaticFrameworkWithFAN2.framework */,
				1B65020AAF63EF908304143F /* Pods_SwiftStaticFrameworkWithFAN2Tests.framework */,
				73428DBAB12DDCF078596A11 /* Pods_SwiftStaticLibWithFAN2.framework */,
			);
			name = Frameworks;
			sourceTree = "<group>";
		};
/* End PBXGroup section */

/* Begin PBXHeadersBuildPhase section */
		199F840520927A0100A8C423 /* Headers */ = {
			isa = PBXHeadersBuildPhase;
			buildActionMask = 2147483647;
			files = (
				199F841920927A0100A8C423 /* SwiftStaticFrameworkWithFAN2.h in Headers */,
			);
			runOnlyForDeploymentPostprocessing = 0;
		};
/* End PBXHeadersBuildPhase section */

/* Begin PBXNativeTarget section */
		199F840720927A0100A8C423 /* SwiftStaticFrameworkWithFAN2 */ = {
			isa = PBXNativeTarget;
			buildConfigurationList = 199F841C20927A0100A8C423 /* Build configuration list for PBXNativeTarget "SwiftStaticFrameworkWithFAN2" */;
			buildPhases = (
				6D141325B83B6AF7819DB2C3 /* [CP] Check Pods Manifest.lock */,
				199F840320927A0100A8C423 /* Sources */,
				199F840420927A0100A8C423 /* Frameworks */,
				199F840520927A0100A8C423 /* Headers */,
				199F840620927A0100A8C423 /* Resources */,
			);
			buildRules = (
			);
			dependencies = (
			);
			name = SwiftStaticFrameworkWithFAN2;
			productName = SwiftStaticFrameworkWithFAN2;
			productReference = 199F840820927A0100A8C423 /* SwiftStaticFrameworkWithFAN2.framework */;
			productType = "com.apple.product-type.framework";
		};
		199F841020927A0100A8C423 /* SwiftStaticFrameworkWithFAN2Tests */ = {
			isa = PBXNativeTarget;
			buildConfigurationList = 199F841F20927A0100A8C423 /* Build configuration list for PBXNativeTarget "SwiftStaticFrameworkWithFAN2Tests" */;
			buildPhases = (
				ABEBBAE161039ED62016FF90 /* [CP] Check Pods Manifest.lock */,
				199F840D20927A0100A8C423 /* Sources */,
				199F840E20927A0100A8C423 /* Frameworks */,
				199F840F20927A0100A8C423 /* Resources */,
			);
			buildRules = (
			);
			dependencies = (
				199F841420927A0100A8C423 /* PBXTargetDependency */,
			);
			name = SwiftStaticFrameworkWithFAN2Tests;
			productName = SwiftStaticFrameworkWithFAN2Tests;
			productReference = 199F841120927A0100A8C423 /* SwiftStaticFrameworkWithFAN2Tests.xctest */;
			productType = "com.apple.product-type.bundle.unit-test";
		};
		199F842520927A3B00A8C423 /* SwiftStaticLibWithFAN2 */ = {
			isa = PBXNativeTarget;
			buildConfigurationList = 199F842C20927A3B00A8C423 /* Build configuration list for PBXNativeTarget "SwiftStaticLibWithFAN2" */;
			buildPhases = (
				631F8E012E82110621AE437D /* [CP] Check Pods Manifest.lock */,
				199F842220927A3B00A8C423 /* Sources */,
				199F842320927A3B00A8C423 /* Frameworks */,
				199F842420927A3B00A8C423 /* CopyFiles */,
			);
			buildRules = (
			);
			dependencies = (
			);
			name = SwiftStaticLibWithFAN2;
			productName = SwiftStaticLibWithFAN2;
			productReference = 199F842620927A3B00A8C423 /* libSwiftStaticLibWithFAN2.a */;
			productType = "com.apple.product-type.library.static";
		};
/* End PBXNativeTarget section */

/* Begin PBXProject section */
		199F83FF20927A0100A8C423 /* Project object */ = {
			isa = PBXProject;
			attributes = {
				LastSwiftUpdateCheck = 0920;
				LastUpgradeCheck = 0920;
				ORGANIZATIONNAME = BB;
				TargetAttributes = {
					199F840720927A0100A8C423 = {
						CreatedOnToolsVersion = 9.2;
						LastSwiftMigration = 0920;
						ProvisioningStyle = Automatic;
					};
					199F841020927A0100A8C423 = {
						CreatedOnToolsVersion = 9.2;
						ProvisioningStyle = Automatic;
					};
					199F842520927A3B00A8C423 = {
						CreatedOnToolsVersion = 9.2;
						LastSwiftMigration = 0920;
						ProvisioningStyle = Automatic;
					};
				};
			};
			buildConfigurationList = 199F840220927A0100A8C423 /* Build configuration list for PBXProject "SwiftStaticFrameworkWithFAN2" */;
			compatibilityVersion = "Xcode 8.0";
			developmentRegion = en;
			hasScannedForEncodings = 0;
			knownRegions = (
				en,
			);
			mainGroup = 199F83FE20927A0100A8C423;
			productRefGroup = 199F840920927A0100A8C423 /* Products */;
			projectDirPath = "";
			projectRoot = "";
			targets = (
				199F840720927A0100A8C423 /* SwiftStaticFrameworkWithFAN2 */,
				199F841020927A0100A8C423 /* SwiftStaticFrameworkWithFAN2Tests */,
				199F842520927A3B00A8C423 /* SwiftStaticLibWithFAN2 */,
			);
		};
/* End PBXProject section */

/* Begin PBXResourcesBuildPhase section */
		199F840620927A0100A8C423 /* Resources */ = {
			isa = PBXResourcesBuildPhase;
			buildActionMask = 2147483647;
			files = (
			);
			runOnlyForDeploymentPostprocessing = 0;
		};
		199F840F20927A0100A8C423 /* Resources */ = {
			isa = PBXResourcesBuildPhase;
			buildActionMask = 2147483647;
			files = (
			);
			runOnlyForDeploymentPostprocessing = 0;
		};
/* End PBXResourcesBuildPhase section */

/* Begin PBXShellScriptBuildPhase section */
		631F8E012E82110621AE437D /* [CP] Check Pods Manifest.lock */ = {
			isa = PBXShellScriptBuildPhase;
			buildActionMask = 2147483647;
			files = (
			);
			inputPaths = (
				"${PODS_PODFILE_DIR_PATH}/Podfile.lock",
				"${PODS_ROOT}/Manifest.lock",
			);
			name = "[CP] Check Pods Manifest.lock";
			outputPaths = (
				"$(DERIVED_FILE_DIR)/Pods-SwiftStaticLibWithFAN2-checkManifestLockResult.txt",
			);
			runOnlyForDeploymentPostprocessing = 0;
			shellPath = /bin/sh;
			shellScript = "diff \"${PODS_PODFILE_DIR_PATH}/Podfile.lock\" \"${PODS_ROOT}/Manifest.lock\" > /dev/null\nif [ $? != 0 ] ; then\n    # print error to STDERR\n    echo \"error: The sandbox is not in sync with the Podfile.lock. Run 'pod install' or update your CocoaPods installation.\" >&2\n    exit 1\nfi\n# This output is used by Xcode 'outputs' to avoid re-running this script phase.\necho \"SUCCESS\" > \"${SCRIPT_OUTPUT_FILE_0}\"\n";
			showEnvVarsInLog = 0;
		};
		6D141325B83B6AF7819DB2C3 /* [CP] Check Pods Manifest.lock */ = {
			isa = PBXShellScriptBuildPhase;
			buildActionMask = 2147483647;
			files = (
			);
			inputPaths = (
				"${PODS_PODFILE_DIR_PATH}/Podfile.lock",
				"${PODS_ROOT}/Manifest.lock",
			);
			name = "[CP] Check Pods Manifest.lock";
			outputPaths = (
				"$(DERIVED_FILE_DIR)/Pods-SwiftStaticFrameworkWithFAN2-checkManifestLockResult.txt",
			);
			runOnlyForDeploymentPostprocessing = 0;
			shellPath = /bin/sh;
			shellScript = "diff \"${PODS_PODFILE_DIR_PATH}/Podfile.lock\" \"${PODS_ROOT}/Manifest.lock\" > /dev/null\nif [ $? != 0 ] ; then\n    # print error to STDERR\n    echo \"error: The sandbox is not in sync with the Podfile.lock. Run 'pod install' or update your CocoaPods installation.\" >&2\n    exit 1\nfi\n# This output is used by Xcode 'outputs' to avoid re-running this script phase.\necho \"SUCCESS\" > \"${SCRIPT_OUTPUT_FILE_0}\"\n";
			showEnvVarsInLog = 0;
		};
		ABEBBAE161039ED62016FF90 /* [CP] Check Pods Manifest.lock */ = {
			isa = PBXShellScriptBuildPhase;
			buildActionMask = 2147483647;
			files = (
			);
			inputPaths = (
				"${PODS_PODFILE_DIR_PATH}/Podfile.lock",
				"${PODS_ROOT}/Manifest.lock",
			);
			name = "[CP] Check Pods Manifest.lock";
			outputPaths = (
				"$(DERIVED_FILE_DIR)/Pods-SwiftStaticFrameworkWithFAN2Tests-checkManifestLockResult.txt",
			);
			runOnlyForDeploymentPostprocessing = 0;
			shellPath = /bin/sh;
			shellScript = "diff \"${PODS_PODFILE_DIR_PATH}/Podfile.lock\" \"${PODS_ROOT}/Manifest.lock\" > /dev/null\nif [ $? != 0 ] ; then\n    # print error to STDERR\n    echo \"error: The sandbox is not in sync with the Podfile.lock. Run 'pod install' or update your CocoaPods installation.\" >&2\n    exit 1\nfi\n# This output is used by Xcode 'outputs' to avoid re-running this script phase.\necho \"SUCCESS\" > \"${SCRIPT_OUTPUT_FILE_0}\"\n";
			showEnvVarsInLog = 0;
		};
/* End PBXShellScriptBuildPhase section */

/* Begin PBXSourcesBuildPhase section */
		199F840320927A0100A8C423 /* Sources */ = {
			isa = PBXSourcesBuildPhase;
			buildActionMask = 2147483647;
			files = (
				199F843120927A6300A8C423 /* FWFAN2SwiftFile.swift in Sources */,
			);
			runOnlyForDeploymentPostprocessing = 0;
		};
		199F840D20927A0100A8C423 /* Sources */ = {
			isa = PBXSourcesBuildPhase;
			buildActionMask = 2147483647;
			files = (
				199F841720927A0100A8C423 /* SwiftStaticFrameworkWithFAN2Tests.swift in Sources */,
			);
			runOnlyForDeploymentPostprocessing = 0;
		};
		199F842220927A3B00A8C423 /* Sources */ = {
			isa = PBXSourcesBuildPhase;
			buildActionMask = 2147483647;
			files = (
				199F843220927A6300A8C423 /* FWFAN2SwiftFile.swift in Sources */,
			);
			runOnlyForDeploymentPostprocessing = 0;
		};
/* End PBXSourcesBuildPhase section */

/* Begin PBXTargetDependency section */
		199F841420927A0100A8C423 /* PBXTargetDependency */ = {
			isa = PBXTargetDependency;
			target = 199F840720927A0100A8C423 /* SwiftStaticFrameworkWithFAN2 */;
			targetProxy = 199F841320927A0100A8C423 /* PBXContainerItemProxy */;
		};
/* End PBXTargetDependency section */

/* Begin XCBuildConfiguration section */
		199F841A20927A0100A8C423 /* Debug */ = {
			isa = XCBuildConfiguration;
			buildSettings = {
				ALWAYS_SEARCH_USER_PATHS = NO;
				CLANG_ANALYZER_NONNULL = YES;
				CLANG_ANALYZER_NUMBER_OBJECT_CONVERSION = YES_AGGRESSIVE;
				CLANG_CXX_LANGUAGE_STANDARD = "gnu++14";
				CLANG_CXX_LIBRARY = "libc++";
				CLANG_ENABLE_MODULES = YES;
				CLANG_ENABLE_OBJC_ARC = YES;
				CLANG_WARN_BLOCK_CAPTURE_AUTORELEASING = YES;
				CLANG_WARN_BOOL_CONVERSION = YES;
				CLANG_WARN_COMMA = YES;
				CLANG_WARN_CONSTANT_CONVERSION = YES;
				CLANG_WARN_DIRECT_OBJC_ISA_USAGE = YES_ERROR;
				CLANG_WARN_DOCUMENTATION_COMMENTS = YES;
				CLANG_WARN_EMPTY_BODY = YES;
				CLANG_WARN_ENUM_CONVERSION = YES;
				CLANG_WARN_INFINITE_RECURSION = YES;
				CLANG_WARN_INT_CONVERSION = YES;
				CLANG_WARN_NON_LITERAL_NULL_CONVERSION = YES;
				CLANG_WARN_OBJC_LITERAL_CONVERSION = YES;
				CLANG_WARN_OBJC_ROOT_CLASS = YES_ERROR;
				CLANG_WARN_RANGE_LOOP_ANALYSIS = YES;
				CLANG_WARN_STRICT_PROTOTYPES = YES;
				CLANG_WARN_SUSPICIOUS_MOVE = YES;
				CLANG_WARN_UNGUARDED_AVAILABILITY = YES_AGGRESSIVE;
				CLANG_WARN_UNREACHABLE_CODE = YES;
				CLANG_WARN__DUPLICATE_METHOD_MATCH = YES;
				CODE_SIGN_IDENTITY = "iPhone Developer";
				COPY_PHASE_STRIP = NO;
				CURRENT_PROJECT_VERSION = 1;
				DEBUG_INFORMATION_FORMAT = dwarf;
				ENABLE_STRICT_OBJC_MSGSEND = YES;
				ENABLE_TESTABILITY = YES;
				GCC_C_LANGUAGE_STANDARD = gnu11;
				GCC_DYNAMIC_NO_PIC = NO;
				GCC_NO_COMMON_BLOCKS = YES;
				GCC_OPTIMIZATION_LEVEL = 0;
				GCC_PREPROCESSOR_DEFINITIONS = (
					"DEBUG=1",
					"$(inherited)",
				);
				GCC_WARN_64_TO_32_BIT_CONVERSION = YES;
				GCC_WARN_ABOUT_RETURN_TYPE = YES_ERROR;
				GCC_WARN_UNDECLARED_SELECTOR = YES;
				GCC_WARN_UNINITIALIZED_AUTOS = YES_AGGRESSIVE;
				GCC_WARN_UNUSED_FUNCTION = YES;
				GCC_WARN_UNUSED_VARIABLE = YES;
				IPHONEOS_DEPLOYMENT_TARGET = 11.2;
				MTL_ENABLE_DEBUG_INFO = YES;
				ONLY_ACTIVE_ARCH = YES;
				SDKROOT = iphoneos;
				SWIFT_ACTIVE_COMPILATION_CONDITIONS = DEBUG;
				SWIFT_OPTIMIZATION_LEVEL = "-Onone";
				VERSIONING_SYSTEM = "apple-generic";
				VERSION_INFO_PREFIX = "";
			};
			name = Debug;
		};
		199F841B20927A0100A8C423 /* Release */ = {
			isa = XCBuildConfiguration;
			buildSettings = {
				ALWAYS_SEARCH_USER_PATHS = NO;
				CLANG_ANALYZER_NONNULL = YES;
				CLANG_ANALYZER_NUMBER_OBJECT_CONVERSION = YES_AGGRESSIVE;
				CLANG_CXX_LANGUAGE_STANDARD = "gnu++14";
				CLANG_CXX_LIBRARY = "libc++";
				CLANG_ENABLE_MODULES = YES;
				CLANG_ENABLE_OBJC_ARC = YES;
				CLANG_WARN_BLOCK_CAPTURE_AUTORELEASING = YES;
				CLANG_WARN_BOOL_CONVERSION = YES;
				CLANG_WARN_COMMA = YES;
				CLANG_WARN_CONSTANT_CONVERSION = YES;
				CLANG_WARN_DIRECT_OBJC_ISA_USAGE = YES_ERROR;
				CLANG_WARN_DOCUMENTATION_COMMENTS = YES;
				CLANG_WARN_EMPTY_BODY = YES;
				CLANG_WARN_ENUM_CONVERSION = YES;
				CLANG_WARN_INFINITE_RECURSION = YES;
				CLANG_WARN_INT_CONVERSION = YES;
				CLANG_WARN_NON_LITERAL_NULL_CONVERSION = YES;
				CLANG_WARN_OBJC_LITERAL_CONVERSION = YES;
				CLANG_WARN_OBJC_ROOT_CLASS = YES_ERROR;
				CLANG_WARN_RANGE_LOOP_ANALYSIS = YES;
				CLANG_WARN_STRICT_PROTOTYPES = YES;
				CLANG_WARN_SUSPICIOUS_MOVE = YES;
				CLANG_WARN_UNGUARDED_AVAILABILITY = YES_AGGRESSIVE;
				CLANG_WARN_UNREACHABLE_CODE = YES;
				CLANG_WARN__DUPLICATE_METHOD_MATCH = YES;
				CODE_SIGN_IDENTITY = "iPhone Developer";
				COPY_PHASE_STRIP = NO;
				CURRENT_PROJECT_VERSION = 1;
				DEBUG_INFORMATION_FORMAT = "dwarf-with-dsym";
				ENABLE_NS_ASSERTIONS = NO;
				ENABLE_STRICT_OBJC_MSGSEND = YES;
				GCC_C_LANGUAGE_STANDARD = gnu11;
				GCC_NO_COMMON_BLOCKS = YES;
				GCC_WARN_64_TO_32_BIT_CONVERSION = YES;
				GCC_WARN_ABOUT_RETURN_TYPE = YES_ERROR;
				GCC_WARN_UNDECLARED_SELECTOR = YES;
				GCC_WARN_UNINITIALIZED_AUTOS = YES_AGGRESSIVE;
				GCC_WARN_UNUSED_FUNCTION = YES;
				GCC_WARN_UNUSED_VARIABLE = YES;
				IPHONEOS_DEPLOYMENT_TARGET = 11.2;
				MTL_ENABLE_DEBUG_INFO = NO;
				SDKROOT = iphoneos;
				SWIFT_OPTIMIZATION_LEVEL = "-Owholemodule";
				VALIDATE_PRODUCT = YES;
				VERSIONING_SYSTEM = "apple-generic";
				VERSION_INFO_PREFIX = "";
			};
			name = Release;
		};
		199F841D20927A0100A8C423 /* Debug */ = {
			isa = XCBuildConfiguration;
			baseConfigurationReference = 106C204979504351B7B0B985 /* Pods-SwiftStaticFrameworkWithFAN2.debug.xcconfig */;
			buildSettings = {
				CLANG_ENABLE_MODULES = YES;
				CODE_SIGN_IDENTITY = "";
				CODE_SIGN_STYLE = Automatic;
				DEFINES_MODULE = YES;
				DYLIB_COMPATIBILITY_VERSION = 1;
				DYLIB_CURRENT_VERSION = 1;
				DYLIB_INSTALL_NAME_BASE = "@rpath";
				INFOPLIST_FILE = SwiftStaticFrameworkWithFAN2/Info.plist;
				INSTALL_PATH = "$(LOCAL_LIBRARY_DIR)/Frameworks";
				LD_RUNPATH_SEARCH_PATHS = "$(inherited) @executable_path/Frameworks @loader_path/Frameworks";
				PRODUCT_BUNDLE_IDENTIFIER = com.BB.SwiftStaticFrameworkWithFAN2;
				PRODUCT_NAME = "$(TARGET_NAME:c99extidentifier)";
				SKIP_INSTALL = YES;
				SWIFT_OPTIMIZATION_LEVEL = "-Onone";
				SWIFT_VERSION = 4.0;
				TARGETED_DEVICE_FAMILY = "1,2";
			};
			name = Debug;
		};
		199F841E20927A0100A8C423 /* Release */ = {
			isa = XCBuildConfiguration;
			baseConfigurationReference = D0839F2EE96A735CAA913F17 /* Pods-SwiftStaticFrameworkWithFAN2.release.xcconfig */;
			buildSettings = {
				CLANG_ENABLE_MODULES = YES;
				CODE_SIGN_IDENTITY = "";
				CODE_SIGN_STYLE = Automatic;
				DEFINES_MODULE = YES;
				DYLIB_COMPATIBILITY_VERSION = 1;
				DYLIB_CURRENT_VERSION = 1;
				DYLIB_INSTALL_NAME_BASE = "@rpath";
				INFOPLIST_FILE = SwiftStaticFrameworkWithFAN2/Info.plist;
				INSTALL_PATH = "$(LOCAL_LIBRARY_DIR)/Frameworks";
				LD_RUNPATH_SEARCH_PATHS = "$(inherited) @executable_path/Frameworks @loader_path/Frameworks";
				PRODUCT_BUNDLE_IDENTIFIER = com.BB.SwiftStaticFrameworkWithFAN2;
				PRODUCT_NAME = "$(TARGET_NAME:c99extidentifier)";
				SKIP_INSTALL = YES;
				SWIFT_VERSION = 4.0;
				TARGETED_DEVICE_FAMILY = "1,2";
			};
			name = Release;
		};
		199F842020927A0100A8C423 /* Debug */ = {
			isa = XCBuildConfiguration;
			baseConfigurationReference = DE168123E1208EAA2D0A1B3A /* Pods-SwiftStaticFrameworkWithFAN2Tests.debug.xcconfig */;
			buildSettings = {
				ALWAYS_EMBED_SWIFT_STANDARD_LIBRARIES = YES;
				CODE_SIGN_STYLE = Automatic;
				INFOPLIST_FILE = SwiftStaticFrameworkWithFAN2Tests/Info.plist;
				LD_RUNPATH_SEARCH_PATHS = "$(inherited) @executable_path/Frameworks @loader_path/Frameworks";
				PRODUCT_BUNDLE_IDENTIFIER = com.BB.SwiftStaticFrameworkWithFAN2Tests;
				PRODUCT_NAME = "$(TARGET_NAME)";
				SWIFT_VERSION = 4.0;
				TARGETED_DEVICE_FAMILY = "1,2";
			};
			name = Debug;
		};
		199F842120927A0100A8C423 /* Release */ = {
			isa = XCBuildConfiguration;
			baseConfigurationReference = 7AA409C213F6DFEA58795977 /* Pods-SwiftStaticFrameworkWithFAN2Tests.release.xcconfig */;
			buildSettings = {
				ALWAYS_EMBED_SWIFT_STANDARD_LIBRARIES = YES;
				CODE_SIGN_STYLE = Automatic;
				INFOPLIST_FILE = SwiftStaticFrameworkWithFAN2Tests/Info.plist;
				LD_RUNPATH_SEARCH_PATHS = "$(inherited) @executable_path/Frameworks @loader_path/Frameworks";
				PRODUCT_BUNDLE_IDENTIFIER = com.BB.SwiftStaticFrameworkWithFAN2Tests;
				PRODUCT_NAME = "$(TARGET_NAME)";
				SWIFT_VERSION = 4.0;
				TARGETED_DEVICE_FAMILY = "1,2";
			};
			name = Release;
		};
		199F842D20927A3B00A8C423 /* Debug */ = {
			isa = XCBuildConfiguration;
			baseConfigurationReference = 13A4CF2DAC31173B7369924A /* Pods-SwiftStaticLibWithFAN2.debug.xcconfig */;
			buildSettings = {
				CLANG_ENABLE_MODULES = YES;
				CODE_SIGN_STYLE = Automatic;
				LD_RUNPATH_SEARCH_PATHS = "$(inherited) @executable_path/Frameworks @loader_path/Frameworks";
				OTHER_LDFLAGS = (
					"-ObjC",
					"$(inherited)",
				);
				PRODUCT_NAME = "$(TARGET_NAME)";
				SKIP_INSTALL = YES;
				SWIFT_OBJC_BRIDGING_HEADER = "SwiftStaticFrameworkWithFAN2/SwiftStaticLibWithFAN2-Bridging-Header.h";
				SWIFT_OPTIMIZATION_LEVEL = "-Onone";
				SWIFT_VERSION = 3.0;
				TARGETED_DEVICE_FAMILY = "1,2";
			};
			name = Debug;
		};
		199F842E20927A3B00A8C423 /* Release */ = {
			isa = XCBuildConfiguration;
			baseConfigurationReference = 28C09D5E16CCE6BF0780C88C /* Pods-SwiftStaticLibWithFAN2.release.xcconfig */;
			buildSettings = {
				CLANG_ENABLE_MODULES = YES;
				CODE_SIGN_STYLE = Automatic;
				LD_RUNPATH_SEARCH_PATHS = "$(inherited) @executable_path/Frameworks @loader_path/Frameworks";
				OTHER_LDFLAGS = (
					"-ObjC",
					"$(inherited)",
				);
				PRODUCT_NAME = "$(TARGET_NAME)";
				SKIP_INSTALL = YES;
				SWIFT_OBJC_BRIDGING_HEADER = "SwiftStaticFrameworkWithFAN2/SwiftStaticLibWithFAN2-Bridging-Header.h";
				SWIFT_VERSION = 3.0;
				TARGETED_DEVICE_FAMILY = "1,2";
			};
			name = Release;
		};
/* End XCBuildConfiguration section */

/* Begin XCConfigurationList section */
		199F840220927A0100A8C423 /* Build configuration list for PBXProject "SwiftStaticFrameworkWithFAN2" */ = {
			isa = XCConfigurationList;
			buildConfigurations = (
				199F841A20927A0100A8C423 /* Debug */,
				199F841B20927A0100A8C423 /* Release */,
			);
			defaultConfigurationIsVisible = 0;
			defaultConfigurationName = Release;
		};
		199F841C20927A0100A8C423 /* Build configuration list for PBXNativeTarget "SwiftStaticFrameworkWithFAN2" */ = {
			isa = XCConfigurationList;
			buildConfigurations = (
				199F841D20927A0100A8C423 /* Debug */,
				199F841E20927A0100A8C423 /* Release */,
			);
			defaultConfigurationIsVisible = 0;
			defaultConfigurationName = Release;
		};
		199F841F20927A0100A8C423 /* Build configuration list for PBXNativeTarget "SwiftStaticFrameworkWithFAN2Tests" */ = {
			isa = XCConfigurationList;
			buildConfigurations = (
				199F842020927A0100A8C423 /* Debug */,
				199F842120927A0100A8C423 /* Release */,
			);
			defaultConfigurationIsVisible = 0;
			defaultConfigurationName = Release;
		};
		199F842C20927A3B00A8C423 /* Build configuration list for PBXNativeTarget "SwiftStaticLibWithFAN2" */ = {
			isa = XCConfigurationList;
			buildConfigurations = (
				199F842D20927A3B00A8C423 /* Debug */,
				199F842E20927A3B00A8C423 /* Release */,
			);
			defaultConfigurationIsVisible = 0;
			defaultConfigurationName = Release;
		};
/* End XCConfigurationList section */
	};
	rootObject = 199F83FF20927A0100A8C423 /* Project object */;
}
